
Microsoft Visual Studio Solution File, Format Version 12.00
# Visual Studio Version 16
VisualStudioVersion = 16.0.31729.503
MinimumVisualStudioVersion = 10.0.40219.1
Project("{FAE04EC0-301F-11D3-BF4B-00C04F79EFBC}") = "MusicFillDB", "MusicFillDB.csproj", "{B271683A-F44D-41C9-8692-963E75C65DEE}"
EndProject
Global
	GlobalSection(SolutionConfigurationPlatforms) = preSolution
		Debug|Any CPU = Debug|Any CPU
		Release|Any CPU = Release|Any CPU
	EndGlobalSection
	GlobalSection(ProjectConfigurationPlatforms) = postSolution
		{B271683A-F44D-41C9-8692-963E75C65DEE}.Debug|Any CPU.ActiveCfg = Debug|Any CPU
		{B271683A-F44D-41C9-8692-963E75C65DEE}.Debug|Any CPU.Build.0 = Debug|Any CPU
		{B271683A-F44D-41C9-8692-963E75C65DEE}.Release|Any CPU.ActiveCfg = Release|Any CPU
		{B271683A-F44D-41C9-8692-963E75C65DEE}.Release|Any CPU.Build.0 = Release|Any CPU
	EndGlobalSection
	GlobalSection(SolutionProperties) = preSolution
		HideSolutionNode = FALSE
	EndGlobalSection
	GlobalSection(ExtensibilityGlobals) = postSolution
		SolutionGuid = {02FAE239-B07D-4E2E-9491-25DFD10E84BD}
	EndGlobalSection
EndGlobal
